
Microsoft Visual Studio Solution File, Format Version 12.00
# Visual Studio Version 16
VisualStudioVersion = 16.0.30523.141
MinimumVisualStudioVersion = 10.0.40219.1
Project("{9A19103F-16F7-4668-BE54-9A1E7A4F7556}") = "Design patterns", "src\Design patterns\Design patterns.csproj", "{C0AAEFEE-DFC9-4315-B276-053C05893476}"
EndProject
Project("{2150E333-8FDC-42A3-9474-1A3956D46DE8}") = "src", "src", "{C1A80172-FF15-41E1-8C2C-6867AB50FE73}"
EndProject
Project("{2150E333-8FDC-42A3-9474-1A3956D46DE8}") = "test", "test", "{A0D3424A-5B38-4D9B-B716-8981FE0D183E}"
EndProject
Global
	GlobalSection(SolutionConfigurationPlatforms) = preSolution
		Debug|Any CPU = Debug|Any CPU
		Release|Any CPU = Release|Any CPU
	EndGlobalSection
	GlobalSection(ProjectConfigurationPlatforms) = postSolution
		{C0AAEFEE-DFC9-4315-B276-053C05893476}.Debug|Any CPU.ActiveCfg = Debug|Any CPU
		{C0AAEFEE-DFC9-4315-B276-053C05893476}.Debug|Any CPU.Build.0 = Debug|Any CPU
		{C0AAEFEE-DFC9-4315-B276-053C05893476}.Release|Any CPU.ActiveCfg = Release|Any CPU
		{C0AAEFEE-DFC9-4315-B276-053C05893476}.Release|Any CPU.Build.0 = Release|Any CPU
	EndGlobalSection
	GlobalSection(SolutionProperties) = preSolution
		HideSolutionNode = FALSE
	EndGlobalSection
	GlobalSection(NestedProjects) = preSolution
		{C0AAEFEE-DFC9-4315-B276-053C05893476} = {C1A80172-FF15-41E1-8C2C-6867AB50FE73}
	EndGlobalSection
	GlobalSection(ExtensibilityGlobals) = postSolution
		SolutionGuid = {8C92A3C9-8B8C-4836-9E4E-16C2DA10B8C3}
	EndGlobalSection
EndGlobal
